
Microsoft Visual Studio Solution File, Format Version 12.00
# Visual Studio Version 17
VisualStudioVersion = 17.10.34928.147
MinimumVisualStudioVersion = 10.0.40219.1
Project("{FAE04EC0-301F-11D3-BF4B-00C04F79EFBC}") = "ClasePerro", "ClasePerro\ClasePerro.csproj", "{C62CE1F8-BD80-41E4-B857-BF98DC56DB11}"
EndProject
Project("{FAE04EC0-301F-11D3-BF4B-00C04F79EFBC}") = "ejemplo1", "ejemplo1\ejemplo1.csproj", "{E16205E5-91B3-41D1-829B-4F2330B485CB}"
EndProject
Project("{FAE04EC0-301F-11D3-BF4B-00C04F79EFBC}") = "ejemplo2", "ejemplo2\ejemplo2.csproj", "{88727832-147E-488F-82B8-2BE8074ABD7A}"
EndProject
Global
	GlobalSection(SolutionConfigurationPlatforms) = preSolution
		Debug|Any CPU = Debug|Any CPU
		Release|Any CPU = Release|Any CPU
	EndGlobalSection
	GlobalSection(ProjectConfigurationPlatforms) = postSolution
		{C62CE1F8-BD80-41E4-B857-BF98DC56DB11}.Debug|Any CPU.ActiveCfg = Debug|Any CPU
		{C62CE1F8-BD80-41E4-B857-BF98DC56DB11}.Debug|Any CPU.Build.0 = Debug|Any CPU
		{C62CE1F8-BD80-41E4-B857-BF98DC56DB11}.Release|Any CPU.ActiveCfg = Release|Any CPU
		{C62CE1F8-BD80-41E4-B857-BF98DC56DB11}.Release|Any CPU.Build.0 = Release|Any CPU
		{E16205E5-91B3-41D1-829B-4F2330B485CB}.Debug|Any CPU.ActiveCfg = Debug|Any CPU
		{E16205E5-91B3-41D1-829B-4F2330B485CB}.Debug|Any CPU.Build.0 = Debug|Any CPU
		{E16205E5-91B3-41D1-829B-4F2330B485CB}.Release|Any CPU.ActiveCfg = Release|Any CPU
		{E16205E5-91B3-41D1-829B-4F2330B485CB}.Release|Any CPU.Build.0 = Release|Any CPU
		{88727832-147E-488F-82B8-2BE8074ABD7A}.Debug|Any CPU.ActiveCfg = Debug|Any CPU
		{88727832-147E-488F-82B8-2BE8074ABD7A}.Debug|Any CPU.Build.0 = Debug|Any CPU
		{88727832-147E-488F-82B8-2BE8074ABD7A}.Release|Any CPU.ActiveCfg = Release|Any CPU
		{88727832-147E-488F-82B8-2BE8074ABD7A}.Release|Any CPU.Build.0 = Release|Any CPU
	EndGlobalSection
	GlobalSection(SolutionProperties) = preSolution
		HideSolutionNode = FALSE
	EndGlobalSection
	GlobalSection(ExtensibilityGlobals) = postSolution
		SolutionGuid = {7E1ADE0B-45FA-48F4-8074-B58C93FA8A0E}
	EndGlobalSection
EndGlobal
